PODS:
  - Nimble (9.0.0)
  - Quick (3.0.0)
  - Realm (10.1.1):
    - Realm/Headers (= 10.1.1)
  - Realm/Headers (10.1.1)
  - RealmSwift (10.1.1):
    - Realm (= 10.1.1)

DEPENDENCIES:
  - Nimble
  - Quick
  - RealmSwift (~> 10.1.1)

SPEC REPOS:
  trunk:
    - Nimble
    - Quick
    - Realm
    - RealmSwift

SPEC CHECKSUMS:
  Nimble: 3b4ec3fd40f1dc178058e0981107721c615643d8
  Quick: 6d9559f40647bc4d510103842ef2fdd882d753e2
  Realm: 784ca1da1453e31a9c9adc14445421a81f316119
  RealmSwift: cc52fe0dcea56387274dff36e19219e055a3bb84

PODFILE CHECKSUM: b1ae4622c8d953328661021640b623191e3512f8

COCOAPODS: 1.10.0
