{
  "object": {
    "pins": [
      {
        "package": "RealmDatabase",
        "repositoryURL": "https://github.com/realm/realm-core",
        "state": {
          "branch": null,
          "revision": "e72b3078bfc5c3f69a0b18f7a220be27e28c463f",
          "version": "11.2.0"
        }
      }
    ]
  },
  "version": 1
}
