// !$*UTF8*$!
{
	archiveVersion = 1;
	classes = {
	};
	objectVersion = 51;
	objects = {

/* Begin PBXBuildFile section */
		1EEDB6F50D54FBCB4F940AB6 /* Pods_RealmTaskTrackerTests.framework in Frameworks */ = {isa = PBXBuildFile; fileRef = 907EC3DD01D524CB0E53AFD1 /* Pods_RealmTaskTrackerTests.framework */; };
		C23183EA1465C3F46EE5F23A /* Pods_RealmTaskTracker_RealmTaskTrackerUITests.framework in Frameworks */ = {isa = PBXBuildFile; fileRef = 691FDBE374D4822ADF4844BE /* Pods_RealmTaskTracker_RealmTaskTrackerUITests.framework */; };
		C855642007EFF193A25ECFC6 /* Pods_RealmTaskTracker.framework in Frameworks */ = {isa = PBXBuildFile; fileRef = 0C4EACB8FCC6598BDBEA5CF8 /* Pods_RealmTaskTracker.framework */; };
		F8BC89A1251F9CB900566416 /* Project.swift in Sources */ = {isa = PBXBuildFile; fileRef = F8BC89A0251F9CB900566416 /* Project.swift */; };
		F8BC89A6251F9CBD00566416 /* User.swift in Sources */ = {isa = PBXBuildFile; fileRef = F8BC89A5251F9CBD00566416 /* User.swift */; };
		F8BC89AB251F9CC300566416 /* RealmTask.swift in Sources */ = {isa = PBXBuildFile; fileRef = F8BC89AA251F9CC300566416 /* RealmTask.swift */; };
		F8BC89B6251F9FD700566416 /* RealmHelper.swift in Sources */ = {isa = PBXBuildFile; fileRef = F8BC89B5251F9FD700566416 /* RealmHelper.swift */; };
		F8BC89BB251FA23500566416 /* RealmConvertable.swift in Sources */ = {isa = PBXBuildFile; fileRef = F8BC89BA251FA23500566416 /* RealmConvertable.swift */; };
		F8BC89C6251FAEF300566416 /* DataObservable.swift in Sources */ = {isa = PBXBuildFile; fileRef = F8BC89C5251FAEF300566416 /* DataObservable.swift */; };
		F8BC89CE251FB5E500566416 /* DataStore.swift in Sources */ = {isa = PBXBuildFile; fileRef = F8BC89CD251FB5E500566416 /* DataStore.swift */; };
		F8E140CC2511935F003B4289 /* RealmTaskTrackerApp.swift in Sources */ = {isa = PBXBuildFile; fileRef = F8E140CB2511935F003B4289 /* RealmTaskTrackerApp.swift */; };
		F8E140CE2511935F003B4289 /* WelcomeView.swift in Sources */ = {isa = PBXBuildFile; fileRef = F8E140CD2511935F003B4289 /* WelcomeView.swift */; };
		F8E140D025119360003B4289 /* Assets.xcassets in Resources */ = {isa = PBXBuildFile; fileRef = F8E140CF25119360003B4289 /* Assets.xcassets */; };
		F8E140D325119360003B4289 /* Preview Assets.xcassets in Resources */ = {isa = PBXBuildFile; fileRef = F8E140D225119360003B4289 /* Preview Assets.xcassets */; };
		F8E140DE25119361003B4289 /* RealmTaskTrackerTests.swift in Sources */ = {isa = PBXBuildFile; fileRef = F8E140DD25119361003B4289 /* RealmTaskTrackerTests.swift */; };
		F8E140E925119361003B4289 /* RealmTaskTrackerUITests.swift in Sources */ = {isa = PBXBuildFile; fileRef = F8E140E825119361003B4289 /* RealmTaskTrackerUITests.swift */; };
		F8E141632511A8AA003B4289 /* LoadingView.swift in Sources */ = {isa = PBXBuildFile; fileRef = F8E141622511A8AA003B4289 /* LoadingView.swift */; };
		F8E1416B2511C537003B4289 /* TasksView.swift in Sources */ = {isa = PBXBuildFile; fileRef = F8E1416A2511C537003B4289 /* TasksView.swift */; };
		F8E141842512464B003B4289 /* RealmWrapper.swift in Sources */ = {isa = PBXBuildFile; fileRef = F8E141832512464B003B4289 /* RealmWrapper.swift */; };
		F8E141942512B296003B4289 /* TextAlert.swift in Sources */ = {isa = PBXBuildFile; fileRef = F8E141932512B296003B4289 /* TextAlert.swift */; };
		F8E1419C2512BFC3003B4289 /* AddTaskView.swift in Sources */ = {isa = PBXBuildFile; fileRef = F8E1419B2512BFC3003B4289 /* AddTaskView.swift */; };
		F8E141A7251312CC003B4289 /* TaskRow.swift in Sources */ = {isa = PBXBuildFile; fileRef = F8E141A6251312CC003B4289 /* TaskRow.swift */; };
/* End PBXBuildFile section */

/* Begin PBXContainerItemProxy section */
		F8E140DA25119360003B4289 /* PBXContainerItemProxy */ = {
			isa = PBXContainerItemProxy;
			containerPortal = F8E140C02511935F003B4289 /* Project object */;
			proxyType = 1;
			remoteGlobalIDString = F8E140C72511935F003B4289;
			remoteInfo = RealmTaskTracker;
		};
		F8E140E525119361003B4289 /* PBXContainerItemProxy */ = {
			isa = PBXContainerItemProxy;
			containerPortal = F8E140C02511935F003B4289 /* Project object */;
			proxyType = 1;
			remoteGlobalIDString = F8E140C72511935F003B4289;
			remoteInfo = RealmTaskTracker;
		};
/* End PBXContainerItemProxy section */

/* Begin PBXFileReference section */
		0C4EACB8FCC6598BDBEA5CF8 /* Pods_RealmTaskTracker.framework */ = {isa = PBXFileReference; explicitFileType = wrapper.framework; includeInIndex = 0; path = Pods_RealmTaskTracker.framework; sourceTree = BUILT_PRODUCTS_DIR; };
		691C23480D91BE72E1A4B72C /* Pods-RealmTaskTracker-RealmTaskTrackerUITests.debug.xcconfig */ = {isa = PBXFileReference; includeInIndex = 1; lastKnownFileType = text.xcconfig; name = "Pods-RealmTaskTracker-RealmTaskTrackerUITests.debug.xcconfig"; path = "Target Support Files/Pods-RealmTaskTracker-RealmTaskTrackerUITests/Pods-RealmTaskTracker-RealmTaskTrackerUITests.debug.xcconfig"; sourceTree = "<group>"; };
		691FDBE374D4822ADF4844BE /* Pods_RealmTaskTracker_RealmTaskTrackerUITests.framework */ = {isa = PBXFileReference; explicitFileType = wrapper.framework; includeInIndex = 0; path = Pods_RealmTaskTracker_RealmTaskTrackerUITests.framework; sourceTree = BUILT_PRODUCTS_DIR; };
		907EC3DD01D524CB0E53AFD1 /* Pods_RealmTaskTrackerTests.framework */ = {isa = PBXFileReference; explicitFileType = wrapper.framework; includeInIndex = 0; path = Pods_RealmTaskTrackerTests.framework; sourceTree = BUILT_PRODUCTS_DIR; };
		9B99909F290DDB584BCFB773 /* Pods-RealmTaskTracker.debug.xcconfig */ = {isa = PBXFileReference; includeInIndex = 1; lastKnownFileType = text.xcconfig; name = "Pods-RealmTaskTracker.debug.xcconfig"; path = "Target Support Files/Pods-RealmTaskTracker/Pods-RealmTaskTracker.debug.xcconfig"; sourceTree = "<group>"; };
		B4764DF7ED915A45339866D0 /* Pods-RealmTaskTracker-RealmTaskTrackerUITests.release.xcconfig */ = {isa = PBXFileReference; includeInIndex = 1; lastKnownFileType = text.xcconfig; name = "Pods-RealmTaskTracker-RealmTaskTrackerUITests.release.xcconfig"; path = "Target Support Files/Pods-RealmTaskTracker-RealmTaskTrackerUITests/Pods-RealmTaskTracker-RealmTaskTrackerUITests.release.xcconfig"; sourceTree = "<group>"; };
		C39ABC7D2CA919D8E68C04EE /* Pods-RealmTaskTrackerTests.debug.xcconfig */ = {isa = PBXFileReference; includeInIndex = 1; lastKnownFileType = text.xcconfig; name = "Pods-RealmTaskTrackerTests.debug.xcconfig"; path = "Target Support Files/Pods-RealmTaskTrackerTests/Pods-RealmTaskTrackerTests.debug.xcconfig"; sourceTree = "<group>"; };
		F3A5DFEA6B870BD302B36665 /* Pods-RealmTaskTrackerTests.release.xcconfig */ = {isa = PBXFileReference; includeInIndex = 1; lastKnownFileType = text.xcconfig; name = "Pods-RealmTaskTrackerTests.release.xcconfig"; path = "Target Support Files/Pods-RealmTaskTrackerTests/Pods-RealmTaskTrackerTests.release.xcconfig"; sourceTree = "<group>"; };
		F5AA5B0820CE66B16B48ED07 /* Pods-RealmTaskTracker.release.xcconfig */ = {isa = PBXFileReference; includeInIndex = 1; lastKnownFileType = text.xcconfig; name = "Pods-RealmTaskTracker.release.xcconfig"; path = "Target Support Files/Pods-RealmTaskTracker/Pods-RealmTaskTracker.release.xcconfig"; sourceTree = "<group>"; };
		F8BC89A0251F9CB900566416 /* Project.swift */ = {isa = PBXFileReference; fileEncoding = 4; lastKnownFileType = sourcecode.swift; path = Project.swift; sourceTree = "<group>"; };
		F8BC89A5251F9CBD00566416 /* User.swift */ = {isa = PBXFileReference; fileEncoding = 4; lastKnownFileType = sourcecode.swift; path = User.swift; sourceTree = "<group>"; };
		F8BC89AA251F9CC300566416 /* RealmTask.swift */ = {isa = PBXFileReference; fileEncoding = 4; lastKnownFileType = sourcecode.swift; path = RealmTask.swift; sourceTree = "<group>"; };
		F8BC89B5251F9FD700566416 /* RealmHelper.swift */ = {isa = PBXFileReference; lastKnownFileType = sourcecode.swift; path = RealmHelper.swift; sourceTree = "<group>"; };
		F8BC89BA251FA23500566416 /* RealmConvertable.swift */ = {isa = PBXFileReference; lastKnownFileType = sourcecode.swift; path = RealmConvertable.swift; sourceTree = "<group>"; };
		F8BC89C5251FAEF300566416 /* DataObservable.swift */ = {isa = PBXFileReference; lastKnownFileType = sourcecode.swift; path = DataObservable.swift; sourceTree = "<group>"; };
		F8BC89CD251FB5E500566416 /* DataStore.swift */ = {isa = PBXFileReference; lastKnownFileType = sourcecode.swift; path = DataStore.swift; sourceTree = "<group>"; };
		F8E140C82511935F003B4289 /* RealmTaskTracker.app */ = {isa = PBXFileReference; explicitFileType = wrapper.application; includeInIndex = 0; path = RealmTaskTracker.app; sourceTree = BUILT_PRODUCTS_DIR; };
		F8E140CB2511935F003B4289 /* RealmTaskTrackerApp.swift */ = {isa = PBXFileReference; lastKnownFileType = sourcecode.swift; path = RealmTaskTrackerApp.swift; sourceTree = "<group>"; };
		F8E140CD2511935F003B4289 /* WelcomeView.swift */ = {isa = PBXFileReference; lastKnownFileType = sourcecode.swift; path = WelcomeView.swift; sourceTree = "<group>"; };
		F8E140CF25119360003B4289 /* Assets.xcassets */ = {isa = PBXFileReference; lastKnownFileType = folder.assetcatalog; path = Assets.xcassets; sourceTree = "<group>"; };
		F8E140D225119360003B4289 /* Preview Assets.xcassets */ = {isa = PBXFileReference; lastKnownFileType = folder.assetcatalog; path = "Preview Assets.xcassets"; sourceTree = "<group>"; };
		F8E140D425119360003B4289 /* Info.plist */ = {isa = PBXFileReference; lastKnownFileType = text.plist.xml; path = Info.plist; sourceTree = "<group>"; };
		F8E140D925119360003B4289 /* RealmTaskTrackerTests.xctest */ = {isa = PBXFileReference; explicitFileType = wrapper.cfbundle; includeInIndex = 0; path = RealmTaskTrackerTests.xctest; sourceTree = BUILT_PRODUCTS_DIR; };
		F8E140DD25119361003B4289 /* RealmTaskTrackerTests.swift */ = {isa = PBXFileReference; lastKnownFileType = sourcecode.swift; path = RealmTaskTrackerTests.swift; sourceTree = "<group>"; };
		F8E140DF25119361003B4289 /* Info.plist */ = {isa = PBXFileReference; lastKnownFileType = text.plist.xml; path = Info.plist; sourceTree = "<group>"; };
		F8E140E425119361003B4289 /* RealmTaskTrackerUITests.xctest */ = {isa = PBXFileReference; explicitFileType = wrapper.cfbundle; includeInIndex = 0; path = RealmTaskTrackerUITests.xctest; sourceTree = BUILT_PRODUCTS_DIR; };
		F8E140E825119361003B4289 /* RealmTaskTrackerUITests.swift */ = {isa = PBXFileReference; lastKnownFileType = sourcecode.swift; path = RealmTaskTrackerUITests.swift; sourceTree = "<group>"; };
		F8E140EA25119361003B4289 /* Info.plist */ = {isa = PBXFileReference; lastKnownFileType = text.plist.xml; path = Info.plist; sourceTree = "<group>"; };
		F8E141622511A8AA003B4289 /* LoadingView.swift */ = {isa = PBXFileReference; lastKnownFileType = sourcecode.swift; path = LoadingView.swift; sourceTree = "<group>"; };
		F8E1416A2511C537003B4289 /* TasksView.swift */ = {isa = PBXFileReference; lastKnownFileType = sourcecode.swift; path = TasksView.swift; sourceTree = "<group>"; };
		F8E141832512464B003B4289 /* RealmWrapper.swift */ = {isa = PBXFileReference; lastKnownFileType = sourcecode.swift; path = RealmWrapper.swift; sourceTree = "<group>"; };
		F8E141932512B296003B4289 /* TextAlert.swift */ = {isa = PBXFileReference; lastKnownFileType = sourcecode.swift; path = TextAlert.swift; sourceTree = "<group>"; };
		F8E1419B2512BFC3003B4289 /* AddTaskView.swift */ = {isa = PBXFileReference; lastKnownFileType = sourcecode.swift; path = AddTaskView.swift; sourceTree = "<group>"; };
		F8E141A6251312CC003B4289 /* TaskRow.swift */ = {isa = PBXFileReference; lastKnownFileType = sourcecode.swift; path = TaskRow.swift; sourceTree = "<group>"; };
/* End PBXFileReference section */

/* Begin PBXFrameworksBuildPhase section */
		F8E140C52511935F003B4289 /* Frameworks */ = {
			isa = PBXFrameworksBuildPhase;
			buildActionMask = 2147483647;
			files = (
				C855642007EFF193A25ECFC6 /* Pods_RealmTaskTracker.framework in Frameworks */,
			);
			runOnlyForDeploymentPostprocessing = 0;
		};
		F8E140D625119360003B4289 /* Frameworks */ = {
			isa = PBXFrameworksBuildPhase;
			buildActionMask = 2147483647;
			files = (
				1EEDB6F50D54FBCB4F940AB6 /* Pods_RealmTaskTrackerTests.framework in Frameworks */,
			);
			runOnlyForDeploymentPostprocessing = 0;
		};
		F8E140E125119361003B4289 /* Frameworks */ = {
			isa = PBXFrameworksBuildPhase;
			buildActionMask = 2147483647;
			files = (
				C23183EA1465C3F46EE5F23A /* Pods_RealmTaskTracker_RealmTaskTrackerUITests.framework in Frameworks */,
			);
			runOnlyForDeploymentPostprocessing = 0;
		};
/* End PBXFrameworksBuildPhase section */

/* Begin PBXGroup section */
		BE5E636B6614CCD11A462806 /* Pods */ = {
			isa = PBXGroup;
			children = (
				9B99909F290DDB584BCFB773 /* Pods-RealmTaskTracker.debug.xcconfig */,
				F5AA5B0820CE66B16B48ED07 /* Pods-RealmTaskTracker.release.xcconfig */,
				691C23480D91BE72E1A4B72C /* Pods-RealmTaskTracker-RealmTaskTrackerUITests.debug.xcconfig */,
				B4764DF7ED915A45339866D0 /* Pods-RealmTaskTracker-RealmTaskTrackerUITests.release.xcconfig */,
				C39ABC7D2CA919D8E68C04EE /* Pods-RealmTaskTrackerTests.debug.xcconfig */,
				F3A5DFEA6B870BD302B36665 /* Pods-RealmTaskTrackerTests.release.xcconfig */,
			);
			path = Pods;
			sourceTree = "<group>";
		};
		F55F3B95ACF855F7FFE75CFC /* Frameworks */ = {
			isa = PBXGroup;
			children = (
				0C4EACB8FCC6598BDBEA5CF8 /* Pods_RealmTaskTracker.framework */,
				691FDBE374D4822ADF4844BE /* Pods_RealmTaskTracker_RealmTaskTrackerUITests.framework */,
				907EC3DD01D524CB0E53AFD1 /* Pods_RealmTaskTrackerTests.framework */,
			);
			name = Frameworks;
			sourceTree = "<group>";
		};
		F8BC899C251F9C9A00566416 /* Models */ = {
			isa = PBXGroup;
			children = (
				F8BC89A0251F9CB900566416 /* Project.swift */,
				F8BC89AA251F9CC300566416 /* RealmTask.swift */,
				F8BC89A5251F9CBD00566416 /* User.swift */,
			);
			path = Models;
			sourceTree = "<group>";
		};
		F8E140BF2511935F003B4289 = {
			isa = PBXGroup;
			children = (
				F8E140CA2511935F003B4289 /* RealmTaskTracker */,
				F8E140DC25119361003B4289 /* RealmTaskTrackerTests */,
				F8E140E725119361003B4289 /* RealmTaskTrackerUITests */,
				F8E140C92511935F003B4289 /* Products */,
				BE5E636B6614CCD11A462806 /* Pods */,
				F55F3B95ACF855F7FFE75CFC /* Frameworks */,
			);
			sourceTree = "<group>";
		};
		F8E140C92511935F003B4289 /* Products */ = {
			isa = PBXGroup;
			children = (
				F8E140C82511935F003B4289 /* RealmTaskTracker.app */,
				F8E140D925119360003B4289 /* RealmTaskTrackerTests.xctest */,
				F8E140E425119361003B4289 /* RealmTaskTrackerUITests.xctest */,
			);
			name = Products;
			sourceTree = "<group>";
		};
		F8E140CA2511935F003B4289 /* RealmTaskTracker */ = {
			isa = PBXGroup;
			children = (
				F8E140CF25119360003B4289 /* Assets.xcassets */,
				F8BC89C5251FAEF300566416 /* DataObservable.swift */,
				F8BC89CD251FB5E500566416 /* DataStore.swift */,
				F8E140D425119360003B4289 /* Info.plist */,
				F8BC899C251F9C9A00566416 /* Models */,
				F8E140D125119360003B4289 /* Preview Content */,
				F8BC89BA251FA23500566416 /* RealmConvertable.swift */,
				F8BC89B5251F9FD700566416 /* RealmHelper.swift */,
				F8E140CB2511935F003B4289 /* RealmTaskTrackerApp.swift */,
				F8E141832512464B003B4289 /* RealmWrapper.swift */,
				F8E141562511A64A003B4289 /* Views */,
			);
			path = RealmTaskTracker;
			sourceTree = "<group>";
		};
		F8E140D125119360003B4289 /* Preview Content */ = {
			isa = PBXGroup;
			children = (
				F8E140D225119360003B4289 /* Preview Assets.xcassets */,
			);
			path = "Preview Content";
			sourceTree = "<group>";
		};
		F8E140DC25119361003B4289 /* RealmTaskTrackerTests */ = {
			isa = PBXGroup;
			children = (
				F8E140DD25119361003B4289 /* RealmTaskTrackerTests.swift */,
				F8E140DF25119361003B4289 /* Info.plist */,
			);
			path = RealmTaskTrackerTests;
			sourceTree = "<group>";
		};
		F8E140E725119361003B4289 /* RealmTaskTrackerUITests */ = {
			isa = PBXGroup;
			children = (
				F8E140E825119361003B4289 /* RealmTaskTrackerUITests.swift */,
				F8E140EA25119361003B4289 /* Info.plist */,
			);
			path = RealmTaskTrackerUITests;
			sourceTree = "<group>";
		};
		F8E141562511A64A003B4289 /* Views */ = {
			isa = PBXGroup;
			children = (
				F8E1419B2512BFC3003B4289 /* AddTaskView.swift */,
				F8E141622511A8AA003B4289 /* LoadingView.swift */,
				F8E141A6251312CC003B4289 /* TaskRow.swift */,
				F8E1416A2511C537003B4289 /* TasksView.swift */,
				F8E141932512B296003B4289 /* TextAlert.swift */,
				F8E140CD2511935F003B4289 /* WelcomeView.swift */,
			);
			path = Views;
			sourceTree = "<group>";
		};
/* End PBXGroup section */

/* Begin PBXNativeTarget section */
		F8E140C72511935F003B4289 /* RealmTaskTracker */ = {
			isa = PBXNativeTarget;
			buildConfigurationList = F8E140ED25119361003B4289 /* Build configuration list for PBXNativeTarget "RealmTaskTracker" */;
			buildPhases = (
				5A6E4334DD1DBB891FFCB801 /* [CP] Check Pods Manifest.lock */,
				F8E140C42511935F003B4289 /* Sources */,
				F8E140C52511935F003B4289 /* Frameworks */,
				F8E140C62511935F003B4289 /* Resources */,
				BC936FDF8690455B38A0464A /* [CP] Embed Pods Frameworks */,
			);
			buildRules = (
			);
			dependencies = (
			);
			name = RealmTaskTracker;
			productName = RealmTaskTracker;
			productReference = F8E140C82511935F003B4289 /* RealmTaskTracker.app */;
			productType = "com.apple.product-type.application";
		};
		F8E140D825119360003B4289 /* RealmTaskTrackerTests */ = {
			isa = PBXNativeTarget;
			buildConfigurationList = F8E140F025119361003B4289 /* Build configuration list for PBXNativeTarget "RealmTaskTrackerTests" */;
			buildPhases = (
				A7EE67B695862E838E9132E4 /* [CP] Check Pods Manifest.lock */,
				F8E140D525119360003B4289 /* Sources */,
				F8E140D625119360003B4289 /* Frameworks */,
				F8E140D725119360003B4289 /* Resources */,
				9CBDFA6827E10FE1F631B358 /* [CP] Embed Pods Frameworks */,
			);
			buildRules = (
			);
			dependencies = (
				F8E140DB25119360003B4289 /* PBXTargetDependency */,
			);
			name = RealmTaskTrackerTests;
			productName = RealmTaskTrackerTests;
			productReference = F8E140D925119360003B4289 /* RealmTaskTrackerTests.xctest */;
			productType = "com.apple.product-type.bundle.unit-test";
		};
		F8E140E325119361003B4289 /* RealmTaskTrackerUITests */ = {
			isa = PBXNativeTarget;
			buildConfigurationList = F8E140F325119361003B4289 /* Build configuration list for PBXNativeTarget "RealmTaskTrackerUITests" */;
			buildPhases = (
				5773B54D98719CAFFB953D90 /* [CP] Check Pods Manifest.lock */,
				F8E140E025119361003B4289 /* Sources */,
				F8E140E125119361003B4289 /* Frameworks */,
				F8E140E225119361003B4289 /* Resources */,
				56F3B026AEC50863560B8719 /* [CP] Embed Pods Frameworks */,
			);
			buildRules = (
			);
			dependencies = (
				F8E140E625119361003B4289 /* PBXTargetDependency */,
			);
			name = RealmTaskTrackerUITests;
			productName = RealmTaskTrackerUITests;
			productReference = F8E140E425119361003B4289 /* RealmTaskTrackerUITests.xctest */;
			productType = "com.apple.product-type.bundle.ui-testing";
		};
/* End PBXNativeTarget section */

/* Begin PBXProject section */
		F8E140C02511935F003B4289 /* Project object */ = {
			isa = PBXProject;
			attributes = {
				LastSwiftUpdateCheck = 1200;
				LastUpgradeCheck = 1200;
				TargetAttributes = {
					F8E140C72511935F003B4289 = {
						CreatedOnToolsVersion = 12.0;
					};
					F8E140D825119360003B4289 = {
						CreatedOnToolsVersion = 12.0;
						TestTargetID = F8E140C72511935F003B4289;
					};
					F8E140E325119361003B4289 = {
						CreatedOnToolsVersion = 12.0;
						TestTargetID = F8E140C72511935F003B4289;
					};
				};
			};
			buildConfigurationList = F8E140C32511935F003B4289 /* Build configuration list for PBXProject "RealmTaskTracker" */;
			compatibilityVersion = "Xcode 9.3";
			developmentRegion = en;
			hasScannedForEncodings = 0;
			knownRegions = (
				en,
				Base,
			);
			mainGroup = F8E140BF2511935F003B4289;
			productRefGroup = F8E140C92511935F003B4289 /* Products */;
			projectDirPath = "";
			projectRoot = "";
			targets = (
				F8E140C72511935F003B4289 /* RealmTaskTracker */,
				F8E140D825119360003B4289 /* RealmTaskTrackerTests */,
				F8E140E325119361003B4289 /* RealmTaskTrackerUITests */,
			);
		};
/* End PBXProject section */

/* Begin PBXResourcesBuildPhase section */
		F8E140C62511935F003B4289 /* Resources */ = {
			isa = PBXResourcesBuildPhase;
			buildActionMask = 2147483647;
			files = (
				F8E140D325119360003B4289 /* Preview Assets.xcassets in Resources */,
				F8E140D025119360003B4289 /* Assets.xcassets in Resources */,
			);
			runOnlyForDeploymentPostprocessing = 0;
		};
		F8E140D725119360003B4289 /* Resources */ = {
			isa = PBXResourcesBuildPhase;
			buildActionMask = 2147483647;
			files = (
			);
			runOnlyForDeploymentPostprocessing = 0;
		};
		F8E140E225119361003B4289 /* Resources */ = {
			isa = PBXResourcesBuildPhase;
			buildActionMask = 2147483647;
			files = (
			);
			runOnlyForDeploymentPostprocessing = 0;
		};
/* End PBXResourcesBuildPhase section */

/* Begin PBXShellScriptBuildPhase section */
		56F3B026AEC50863560B8719 /* [CP] Embed Pods Frameworks */ = {
			isa = PBXShellScriptBuildPhase;
			buildActionMask = 2147483647;
			files = (
			);
			inputFileListPaths = (
				"${PODS_ROOT}/Target Support Files/Pods-RealmTaskTracker-RealmTaskTrackerUITests/Pods-RealmTaskTracker-RealmTaskTrackerUITests-frameworks-${CONFIGURATION}-input-files.xcfilelist",
			);
			name = "[CP] Embed Pods Frameworks";
			outputFileListPaths = (
				"${PODS_ROOT}/Target Support Files/Pods-RealmTaskTracker-RealmTaskTrackerUITests/Pods-RealmTaskTracker-RealmTaskTrackerUITests-frameworks-${CONFIGURATION}-output-files.xcfilelist",
			);
			runOnlyForDeploymentPostprocessing = 0;
			shellPath = /bin/sh;
			shellScript = "\"${PODS_ROOT}/Target Support Files/Pods-RealmTaskTracker-RealmTaskTrackerUITests/Pods-RealmTaskTracker-RealmTaskTrackerUITests-frameworks.sh\"\n";
			showEnvVarsInLog = 0;
		};
		5773B54D98719CAFFB953D90 /* [CP] Check Pods Manifest.lock */ = {
			isa = PBXShellScriptBuildPhase;
			buildActionMask = 2147483647;
			files = (
			);
			inputFileListPaths = (
			);
			inputPaths = (
				"${PODS_PODFILE_DIR_PATH}/Podfile.lock",
				"${PODS_ROOT}/Manifest.lock",
			);
			name = "[CP] Check Pods Manifest.lock";
			outputFileListPaths = (
			);
			outputPaths = (
				"$(DERIVED_FILE_DIR)/Pods-RealmTaskTracker-RealmTaskTrackerUITests-checkManifestLockResult.txt",
			);
			runOnlyForDeploymentPostprocessing = 0;
			shellPath = /bin/sh;
			shellScript = "diff \"${PODS_PODFILE_DIR_PATH}/Podfile.lock\" \"${PODS_ROOT}/Manifest.lock\" > /dev/null\nif [ $? != 0 ] ; then\n    # print error to STDERR\n    echo \"error: The sandbox is not in sync with the Podfile.lock. Run 'pod install' or update your CocoaPods installation.\" >&2\n    exit 1\nfi\n# This output is used by Xcode 'outputs' to avoid re-running this script phase.\necho \"SUCCESS\" > \"${SCRIPT_OUTPUT_FILE_0}\"\n";
			showEnvVarsInLog = 0;
		};
		5A6E4334DD1DBB891FFCB801 /* [CP] Check Pods Manifest.lock */ = {
			isa = PBXShellScriptBuildPhase;
			buildActionMask = 2147483647;
			files = (
			);
			inputFileListPaths = (
			);
			inputPaths = (
				"${PODS_PODFILE_DIR_PATH}/Podfile.lock",
				"${PODS_ROOT}/Manifest.lock",
			);
			name = "[CP] Check Pods Manifest.lock";
			outputFileListPaths = (
			);
			outputPaths = (
				"$(DERIVED_FILE_DIR)/Pods-RealmTaskTracker-checkManifestLockResult.txt",
			);
			runOnlyForDeploymentPostprocessing = 0;
			shellPath = /bin/sh;
			shellScript = "diff \"${PODS_PODFILE_DIR_PATH}/Podfile.lock\" \"${PODS_ROOT}/Manifest.lock\" > /dev/null\nif [ $? != 0 ] ; then\n    # print error to STDERR\n    echo \"error: The sandbox is not in sync with the Podfile.lock. Run 'pod install' or update your CocoaPods installation.\" >&2\n    exit 1\nfi\n# This output is used by Xcode 'outputs' to avoid re-running this script phase.\necho \"SUCCESS\" > \"${SCRIPT_OUTPUT_FILE_0}\"\n";
			showEnvVarsInLog = 0;
		};
		9CBDFA6827E10FE1F631B358 /* [CP] Embed Pods Frameworks */ = {
			isa = PBXShellScriptBuildPhase;
			buildActionMask = 2147483647;
			files = (
			);
			inputFileListPaths = (
				"${PODS_ROOT}/Target Support Files/Pods-RealmTaskTrackerTests/Pods-RealmTaskTrackerTests-frameworks-${CONFIGURATION}-input-files.xcfilelist",
			);
			name = "[CP] Embed Pods Frameworks";
			outputFileListPaths = (
				"${PODS_ROOT}/Target Support Files/Pods-RealmTaskTrackerTests/Pods-RealmTaskTrackerTests-frameworks-${CONFIGURATION}-output-files.xcfilelist",
			);
			runOnlyForDeploymentPostprocessing = 0;
			shellPath = /bin/sh;
			shellScript = "\"${PODS_ROOT}/Target Support Files/Pods-RealmTaskTrackerTests/Pods-RealmTaskTrackerTests-frameworks.sh\"\n";
			showEnvVarsInLog = 0;
		};
		A7EE67B695862E838E9132E4 /* [CP] Check Pods Manifest.lock */ = {
			isa = PBXShellScriptBuildPhase;
			buildActionMask = 2147483647;
			files = (
			);
			inputFileListPaths = (
			);
			inputPaths = (
				"${PODS_PODFILE_DIR_PATH}/Podfile.lock",
				"${PODS_ROOT}/Manifest.lock",
			);
			name = "[CP] Check Pods Manifest.lock";
			outputFileListPaths = (
			);
			outputPaths = (
				"$(DERIVED_FILE_DIR)/Pods-RealmTaskTrackerTests-checkManifestLockResult.txt",
			);
			runOnlyForDeploymentPostprocessing = 0;
			shellPath = /bin/sh;
			shellScript = "diff \"${PODS_PODFILE_DIR_PATH}/Podfile.lock\" \"${PODS_ROOT}/Manifest.lock\" > /dev/null\nif [ $? != 0 ] ; then\n    # print error to STDERR\n    echo \"error: The sandbox is not in sync with the Podfile.lock. Run 'pod install' or update your CocoaPods installation.\" >&2\n    exit 1\nfi\n# This output is used by Xcode 'outputs' to avoid re-running this script phase.\necho \"SUCCESS\" > \"${SCRIPT_OUTPUT_FILE_0}\"\n";
			showEnvVarsInLog = 0;
		};
		BC936FDF8690455B38A0464A /* [CP] Embed Pods Frameworks */ = {
			isa = PBXShellScriptBuildPhase;
			buildActionMask = 2147483647;
			files = (
			);
			inputFileListPaths = (
				"${PODS_ROOT}/Target Support Files/Pods-RealmTaskTracker/Pods-RealmTaskTracker-frameworks-${CONFIGURATION}-input-files.xcfilelist",
			);
			name = "[CP] Embed Pods Frameworks";
			outputFileListPaths = (
				"${PODS_ROOT}/Target Support Files/Pods-RealmTaskTracker/Pods-RealmTaskTracker-frameworks-${CONFIGURATION}-output-files.xcfilelist",
			);
			runOnlyForDeploymentPostprocessing = 0;
			shellPath = /bin/sh;
			shellScript = "\"${PODS_ROOT}/Target Support Files/Pods-RealmTaskTracker/Pods-RealmTaskTracker-frameworks.sh\"\n";
			showEnvVarsInLog = 0;
		};
/* End PBXShellScriptBuildPhase section */

/* Begin PBXSourcesBuildPhase section */
		F8E140C42511935F003B4289 /* Sources */ = {
			isa = PBXSourcesBuildPhase;
			buildActionMask = 2147483647;
			files = (
				F8E140CE2511935F003B4289 /* WelcomeView.swift in Sources */,
				F8BC89BB251FA23500566416 /* RealmConvertable.swift in Sources */,
				F8E141632511A8AA003B4289 /* LoadingView.swift in Sources */,
				F8E140CC2511935F003B4289 /* RealmTaskTrackerApp.swift in Sources */,
				F8E141842512464B003B4289 /* RealmWrapper.swift in Sources */,
				F8E141A7251312CC003B4289 /* TaskRow.swift in Sources */,
				F8E1416B2511C537003B4289 /* TasksView.swift in Sources */,
				F8BC89A1251F9CB900566416 /* Project.swift in Sources */,
				F8BC89C6251FAEF300566416 /* DataObservable.swift in Sources */,
				F8BC89A6251F9CBD00566416 /* User.swift in Sources */,
				F8BC89AB251F9CC300566416 /* RealmTask.swift in Sources */,
				F8E1419C2512BFC3003B4289 /* AddTaskView.swift in Sources */,
				F8E141942512B296003B4289 /* TextAlert.swift in Sources */,
				F8BC89CE251FB5E500566416 /* DataStore.swift in Sources */,
				F8BC89B6251F9FD700566416 /* RealmHelper.swift in Sources */,
			);
			runOnlyForDeploymentPostprocessing = 0;
		};
		F8E140D525119360003B4289 /* Sources */ = {
			isa = PBXSourcesBuildPhase;
			buildActionMask = 2147483647;
			files = (
				F8E140DE25119361003B4289 /* RealmTaskTrackerTests.swift in Sources */,
			);
			runOnlyForDeploymentPostprocessing = 0;
		};
		F8E140E025119361003B4289 /* Sources */ = {
			isa = PBXSourcesBuildPhase;
			buildActionMask = 2147483647;
			files = (
				F8E140E925119361003B4289 /* RealmTaskTrackerUITests.swift in Sources */,
			);
			runOnlyForDeploymentPostprocessing = 0;
		};
/* End PBXSourcesBuildPhase section */

/* Begin PBXTargetDependency section */
		F8E140DB25119360003B4289 /* PBXTargetDependency */ = {
			isa = PBXTargetDependency;
			target = F8E140C72511935F003B4289 /* RealmTaskTracker */;
			targetProxy = F8E140DA25119360003B4289 /* PBXContainerItemProxy */;
		};
		F8E140E625119361003B4289 /* PBXTargetDependency */ = {
			isa = PBXTargetDependency;
			target = F8E140C72511935F003B4289 /* RealmTaskTracker */;
			targetProxy = F8E140E525119361003B4289 /* PBXContainerItemProxy */;
		};
/* End PBXTargetDependency section */

/* Begin XCBuildConfiguration section */
		F8E140EB25119361003B4289 /* Debug */ = {
			isa = XCBuildConfiguration;
			buildSettings = {
				ALWAYS_SEARCH_USER_PATHS = NO;
				CLANG_ANALYZER_NONNULL = YES;
				CLANG_ANALYZER_NUMBER_OBJECT_CONVERSION = YES_AGGRESSIVE;
				CLANG_CXX_LANGUAGE_STANDARD = "gnu++14";
				CLANG_CXX_LIBRARY = "libc++";
				CLANG_ENABLE_MODULES = YES;
				CLANG_ENABLE_OBJC_ARC = YES;
				CLANG_ENABLE_OBJC_WEAK = YES;
				CLANG_WARN_BLOCK_CAPTURE_AUTORELEASING = YES;
				CLANG_WARN_BOOL_CONVERSION = YES;
				CLANG_WARN_COMMA = YES;
				CLANG_WARN_CONSTANT_CONVERSION = YES;
				CLANG_WARN_DEPRECATED_OBJC_IMPLEMENTATIONS = YES;
				CLANG_WARN_DIRECT_OBJC_ISA_USAGE = YES_ERROR;
				CLANG_WARN_DOCUMENTATION_COMMENTS = YES;
				CLANG_WARN_EMPTY_BODY = YES;
				CLANG_WARN_ENUM_CONVERSION = YES;
				CLANG_WARN_INFINITE_RECURSION = YES;
				CLANG_WARN_INT_CONVERSION = YES;
				CLANG_WARN_NON_LITERAL_NULL_CONVERSION = YES;
				CLANG_WARN_OBJC_IMPLICIT_RETAIN_SELF = YES;
				CLANG_WARN_OBJC_LITERAL_CONVERSION = YES;
				CLANG_WARN_OBJC_ROOT_CLASS = YES_ERROR;
				CLANG_WARN_QUOTED_INCLUDE_IN_FRAMEWORK_HEADER = YES;
				CLANG_WARN_RANGE_LOOP_ANALYSIS = YES;
				CLANG_WARN_STRICT_PROTOTYPES = YES;
				CLANG_WARN_SUSPICIOUS_MOVE = YES;
				CLANG_WARN_UNGUARDED_AVAILABILITY = YES_AGGRESSIVE;
				CLANG_WARN_UNREACHABLE_CODE = YES;
				CLANG_WARN__DUPLICATE_METHOD_MATCH = YES;
				COPY_PHASE_STRIP = NO;
				DEBUG_INFORMATION_FORMAT = dwarf;
				ENABLE_STRICT_OBJC_MSGSEND = YES;
				ENABLE_TESTABILITY = YES;
				GCC_C_LANGUAGE_STANDARD = gnu11;
				GCC_DYNAMIC_NO_PIC = NO;
				GCC_NO_COMMON_BLOCKS = YES;
				GCC_OPTIMIZATION_LEVEL = 0;
				GCC_PREPROCESSOR_DEFINITIONS = (
					"DEBUG=1",
					"$(inherited)",
				);
				GCC_WARN_64_TO_32_BIT_CONVERSION = YES;
				GCC_WARN_ABOUT_RETURN_TYPE = YES_ERROR;
				GCC_WARN_UNDECLARED_SELECTOR = YES;
				GCC_WARN_UNINITIALIZED_AUTOS = YES_AGGRESSIVE;
				GCC_WARN_UNUSED_FUNCTION = YES;
				GCC_WARN_UNUSED_VARIABLE = YES;
				IPHONEOS_DEPLOYMENT_TARGET = 14.0;
				MTL_ENABLE_DEBUG_INFO = INCLUDE_SOURCE;
				MTL_FAST_MATH = YES;
				ONLY_ACTIVE_ARCH = YES;
				SDKROOT = iphoneos;
				SWIFT_ACTIVE_COMPILATION_CONDITIONS = DEBUG;
				SWIFT_OPTIMIZATION_LEVEL = "-Onone";
			};
			name = Debug;
		};
		F8E140EC25119361003B4289 /* Release */ = {
			isa = XCBuildConfiguration;
			buildSettings = {
				ALWAYS_SEARCH_USER_PATHS = NO;
				CLANG_ANALYZER_NONNULL = YES;
				CLANG_ANALYZER_NUMBER_OBJECT_CONVERSION = YES_AGGRESSIVE;
				CLANG_CXX_LANGUAGE_STANDARD = "gnu++14";
				CLANG_CXX_LIBRARY = "libc++";
				CLANG_ENABLE_MODULES = YES;
				CLANG_ENABLE_OBJC_ARC = YES;
				CLANG_ENABLE_OBJC_WEAK = YES;
				CLANG_WARN_BLOCK_CAPTURE_AUTORELEASING = YES;
				CLANG_WARN_BOOL_CONVERSION = YES;
				CLANG_WARN_COMMA = YES;
				CLANG_WARN_CONSTANT_CONVERSION = YES;
				CLANG_WARN_DEPRECATED_OBJC_IMPLEMENTATIONS = YES;
				CLANG_WARN_DIRECT_OBJC_ISA_USAGE = YES_ERROR;
				CLANG_WARN_DOCUMENTATION_COMMENTS = YES;
				CLANG_WARN_EMPTY_BODY = YES;
				CLANG_WARN_ENUM_CONVERSION = YES;
				CLANG_WARN_INFINITE_RECURSION = YES;
				CLANG_WARN_INT_CONVERSION = YES;
				CLANG_WARN_NON_LITERAL_NULL_CONVERSION = YES;
				CLANG_WARN_OBJC_IMPLICIT_RETAIN_SELF = YES;
				CLANG_WARN_OBJC_LITERAL_CONVERSION = YES;
				CLANG_WARN_OBJC_ROOT_CLASS = YES_ERROR;
				CLANG_WARN_QUOTED_INCLUDE_IN_FRAMEWORK_HEADER = YES;
				CLANG_WARN_RANGE_LOOP_ANALYSIS = YES;
				CLANG_WARN_STRICT_PROTOTYPES = YES;
				CLANG_WARN_SUSPICIOUS_MOVE = YES;
				CLANG_WARN_UNGUARDED_AVAILABILITY = YES_AGGRESSIVE;
				CLANG_WARN_UNREACHABLE_CODE = YES;
				CLANG_WARN__DUPLICATE_METHOD_MATCH = YES;
				COPY_PHASE_STRIP = NO;
				DEBUG_INFORMATION_FORMAT = "dwarf-with-dsym";
				ENABLE_NS_ASSERTIONS = NO;
				ENABLE_STRICT_OBJC_MSGSEND = YES;
				GCC_C_LANGUAGE_STANDARD = gnu11;
				GCC_NO_COMMON_BLOCKS = YES;
				GCC_WARN_64_TO_32_BIT_CONVERSION = YES;
				GCC_WARN_ABOUT_RETURN_TYPE = YES_ERROR;
				GCC_WARN_UNDECLARED_SELECTOR = YES;
				GCC_WARN_UNINITIALIZED_AUTOS = YES_AGGRESSIVE;
				GCC_WARN_UNUSED_FUNCTION = YES;
				GCC_WARN_UNUSED_VARIABLE = YES;
				IPHONEOS_DEPLOYMENT_TARGET = 14.0;
				MTL_ENABLE_DEBUG_INFO = NO;
				MTL_FAST_MATH = YES;
				SDKROOT = iphoneos;
				SWIFT_COMPILATION_MODE = wholemodule;
				SWIFT_OPTIMIZATION_LEVEL = "-O";
				VALIDATE_PRODUCT = YES;
			};
			name = Release;
		};
		F8E140EE25119361003B4289 /* Debug */ = {
			isa = XCBuildConfiguration;
			baseConfigurationReference = 9B99909F290DDB584BCFB773 /* Pods-RealmTaskTracker.debug.xcconfig */;
			buildSettings = {
				ASSETCATALOG_COMPILER_APPICON_NAME = AppIcon;
				ASSETCATALOG_COMPILER_GLOBAL_ACCENT_COLOR_NAME = AccentColor;
				CODE_SIGN_STYLE = Automatic;
				DEVELOPMENT_ASSET_PATHS = "\"RealmTaskTracker/Preview Content\"";
				DEVELOPMENT_TEAM = MTGSZH8QM4;
				ENABLE_PREVIEWS = YES;
				INFOPLIST_FILE = RealmTaskTracker/Info.plist;
				IPHONEOS_DEPLOYMENT_TARGET = 14.0;
				LD_RUNPATH_SEARCH_PATHS = (
					"$(inherited)",
					"@executable_path/Frameworks",
				);
				PRODUCT_BUNDLE_IDENTIFIER = "co.log-g.RealmTaskTracker";
				PRODUCT_NAME = "$(TARGET_NAME)";
				SWIFT_VERSION = 5.0;
				TARGETED_DEVICE_FAMILY = "1,2";
			};
			name = Debug;
		};
		F8E140EF25119361003B4289 /* Release */ = {
			isa = XCBuildConfiguration;
			baseConfigurationReference = F5AA5B0820CE66B16B48ED07 /* Pods-RealmTaskTracker.release.xcconfig */;
			buildSettings = {
				ASSETCATALOG_COMPILER_APPICON_NAME = AppIcon;
				ASSETCATALOG_COMPILER_GLOBAL_ACCENT_COLOR_NAME = AccentColor;
				CODE_SIGN_STYLE = Automatic;
				DEVELOPMENT_ASSET_PATHS = "\"RealmTaskTracker/Preview Content\"";
				DEVELOPMENT_TEAM = MTGSZH8QM4;
				ENABLE_PREVIEWS = YES;
				INFOPLIST_FILE = RealmTaskTracker/Info.plist;
				IPHONEOS_DEPLOYMENT_TARGET = 14.0;
				LD_RUNPATH_SEARCH_PATHS = (
					"$(inherited)",
					"@executable_path/Frameworks",
				);
				PRODUCT_BUNDLE_IDENTIFIER = "co.log-g.RealmTaskTracker";
				PRODUCT_NAME = "$(TARGET_NAME)";
				SWIFT_VERSION = 5.0;
				TARGETED_DEVICE_FAMILY = "1,2";
			};
			name = Release;
		};
		F8E140F125119361003B4289 /* Debug */ = {
			isa = XCBuildConfiguration;
			baseConfigurationReference = C39ABC7D2CA919D8E68C04EE /* Pods-RealmTaskTrackerTests.debug.xcconfig */;
			buildSettings = {
				BUNDLE_LOADER = "$(TEST_HOST)";
				CODE_SIGN_STYLE = Automatic;
				DEVELOPMENT_TEAM = MTGSZH8QM4;
				INFOPLIST_FILE = RealmTaskTrackerTests/Info.plist;
				IPHONEOS_DEPLOYMENT_TARGET = 14.0;
				LD_RUNPATH_SEARCH_PATHS = (
					"$(inherited)",
					"@executable_path/Frameworks",
					"@loader_path/Frameworks",
				);
				PRODUCT_BUNDLE_IDENTIFIER = "co.log-g.RealmTaskTrackerTests";
				PRODUCT_NAME = "$(TARGET_NAME)";
				SWIFT_VERSION = 5.0;
				TARGETED_DEVICE_FAMILY = "1,2";
				TEST_HOST = "$(BUILT_PRODUCTS_DIR)/RealmTaskTracker.app/RealmTaskTracker";
			};
			name = Debug;
		};
		F8E140F225119361003B4289 /* Release */ = {
			isa = XCBuildConfiguration;
			baseConfigurationReference = F3A5DFEA6B870BD302B36665 /* Pods-RealmTaskTrackerTests.release.xcconfig */;
			buildSettings = {
				BUNDLE_LOADER = "$(TEST_HOST)";
				CODE_SIGN_STYLE = Automatic;
				DEVELOPMENT_TEAM = MTGSZH8QM4;
				INFOPLIST_FILE = RealmTaskTrackerTests/Info.plist;
				IPHONEOS_DEPLOYMENT_TARGET = 14.0;
				LD_RUNPATH_SEARCH_PATHS = (
					"$(inherited)",
					"@executable_path/Frameworks",
					"@loader_path/Frameworks",
				);
				PRODUCT_BUNDLE_IDENTIFIER = "co.log-g.RealmTaskTrackerTests";
				PRODUCT_NAME = "$(TARGET_NAME)";
				SWIFT_VERSION = 5.0;
				TARGETED_DEVICE_FAMILY = "1,2";
				TEST_HOST = "$(BUILT_PRODUCTS_DIR)/RealmTaskTracker.app/RealmTaskTracker";
			};
			name = Release;
		};
		F8E140F425119361003B4289 /* Debug */ = {
			isa = XCBuildConfiguration;
			baseConfigurationReference = 691C23480D91BE72E1A4B72C /* Pods-RealmTaskTracker-RealmTaskTrackerUITests.debug.xcconfig */;
			buildSettings = {
				CODE_SIGN_STYLE = Automatic;
				DEVELOPMENT_TEAM = MTGSZH8QM4;
				INFOPLIST_FILE = RealmTaskTrackerUITests/Info.plist;
				LD_RUNPATH_SEARCH_PATHS = (
					"$(inherited)",
					"@executable_path/Frameworks",
					"@loader_path/Frameworks",
				);
				PRODUCT_BUNDLE_IDENTIFIER = "co.log-g.RealmTaskTrackerUITests";
				PRODUCT_NAME = "$(TARGET_NAME)";
				SWIFT_VERSION = 5.0;
				TARGETED_DEVICE_FAMILY = "1,2";
				TEST_TARGET_NAME = RealmTaskTracker;
			};
			name = Debug;
		};
		F8E140F525119361003B4289 /* Release */ = {
			isa = XCBuildConfiguration;
			baseConfigurationReference = B4764DF7ED915A45339866D0 /* Pods-RealmTaskTracker-RealmTaskTrackerUITests.release.xcconfig */;
			buildSettings = {
				CODE_SIGN_STYLE = Automatic;
				DEVELOPMENT_TEAM = MTGSZH8QM4;
				INFOPLIST_FILE = RealmTaskTrackerUITests/Info.plist;
				LD_RUNPATH_SEARCH_PATHS = (
					"$(inherited)",
					"@executable_path/Frameworks",
					"@loader_path/Frameworks",
				);
				PRODUCT_BUNDLE_IDENTIFIER = "co.log-g.RealmTaskTrackerUITests";
				PRODUCT_NAME = "$(TARGET_NAME)";
				SWIFT_VERSION = 5.0;
				TARGETED_DEVICE_FAMILY = "1,2";
				TEST_TARGET_NAME = RealmTaskTracker;
			};
			name = Release;
		};
/* End XCBuildConfiguration section */

/* Begin XCConfigurationList section */
		F8E140C32511935F003B4289 /* Build configuration list for PBXProject "RealmTaskTracker" */ = {
			isa = XCConfigurationList;
			buildConfigurations = (
				F8E140EB25119361003B4289 /* Debug */,
				F8E140EC25119361003B4289 /* Release */,
			);
			defaultConfigurationIsVisible = 0;
			defaultConfigurationName = Release;
		};
		F8E140ED25119361003B4289 /* Build configuration list for PBXNativeTarget "RealmTaskTracker" */ = {
			isa = XCConfigurationList;
			buildConfigurations = (
				F8E140EE25119361003B4289 /* Debug */,
				F8E140EF25119361003B4289 /* Release */,
			);
			defaultConfigurationIsVisible = 0;
			defaultConfigurationName = Release;
		};
		F8E140F025119361003B4289 /* Build configuration list for PBXNativeTarget "RealmTaskTrackerTests" */ = {
			isa = XCConfigurationList;
			buildConfigurations = (
				F8E140F125119361003B4289 /* Debug */,
				F8E140F225119361003B4289 /* Release */,
			);
			defaultConfigurationIsVisible = 0;
			defaultConfigurationName = Release;
		};
		F8E140F325119361003B4289 /* Build configuration list for PBXNativeTarget "RealmTaskTrackerUITests" */ = {
			isa = XCConfigurationList;
			buildConfigurations = (
				F8E140F425119361003B4289 /* Debug */,
				F8E140F525119361003B4289 /* Release */,
			);
			defaultConfigurationIsVisible = 0;
			defaultConfigurationName = Release;
		};
/* End XCConfigurationList section */
	};
	rootObject = F8E140C02511935F003B4289 /* Project object */;
}
